
Microsoft Visual Studio Solution File, Format Version 12.00
# Visual Studio Version 17
VisualStudioVersion = 17.7.34024.191
MinimumVisualStudioVersion = 10.0.40219.1
Project("{9A19103F-16F7-4668-BE54-9A1E7A4F7556}") = "BYBlazorEcommerce.Server", "Server\BYBlazorEcommerce.Server.csproj", "{6C463684-FEC2-49CF-8817-F04E4C23F08A}"
EndProject
Project("{9A19103F-16F7-4668-BE54-9A1E7A4F7556}") = "BYBlazorEcommerce.Client", "Client\BYBlazorEcommerce.Client.csproj", "{FC216C02-041F-43AA-9F8D-1ED30311F1A3}"
EndProject
Project("{9A19103F-16F7-4668-BE54-9A1E7A4F7556}") = "BYBlazorEcommerce.Shared", "Shared\BYBlazorEcommerce.Shared.csproj", "{A99DF07D-29BA-4585-982E-A4C99FF5A415}"
EndProject
Global
	GlobalSection(SolutionConfigurationPlatforms) = preSolution
		Debug|Any CPU = Debug|Any CPU
		Release|Any CPU = Release|Any CPU
	EndGlobalSection
	GlobalSection(ProjectConfigurationPlatforms) = postSolution
		{6C463684-FEC2-49CF-8817-F04E4C23F08A}.Debug|Any CPU.ActiveCfg = Debug|Any CPU
		{6C463684-FEC2-49CF-8817-F04E4C23F08A}.Debug|Any CPU.Build.0 = Debug|Any CPU
		{6C463684-FEC2-49CF-8817-F04E4C23F08A}.Release|Any CPU.ActiveCfg = Release|Any CPU
		{6C463684-FEC2-49CF-8817-F04E4C23F08A}.Release|Any CPU.Build.0 = Release|Any CPU
		{FC216C02-041F-43AA-9F8D-1ED30311F1A3}.Debug|Any CPU.ActiveCfg = Debug|Any CPU
		{FC216C02-041F-43AA-9F8D-1ED30311F1A3}.Debug|Any CPU.Build.0 = Debug|Any CPU
		{FC216C02-041F-43AA-9F8D-1ED30311F1A3}.Release|Any CPU.ActiveCfg = Release|Any CPU
		{FC216C02-041F-43AA-9F8D-1ED30311F1A3}.Release|Any CPU.Build.0 = Release|Any CPU
		{A99DF07D-29BA-4585-982E-A4C99FF5A415}.Debug|Any CPU.ActiveCfg = Debug|Any CPU
		{A99DF07D-29BA-4585-982E-A4C99FF5A415}.Debug|Any CPU.Build.0 = Debug|Any CPU
		{A99DF07D-29BA-4585-982E-A4C99FF5A415}.Release|Any CPU.ActiveCfg = Release|Any CPU
		{A99DF07D-29BA-4585-982E-A4C99FF5A415}.Release|Any CPU.Build.0 = Release|Any CPU
	EndGlobalSection
	GlobalSection(SolutionProperties) = preSolution
		HideSolutionNode = FALSE
	EndGlobalSection
	GlobalSection(ExtensibilityGlobals) = postSolution
		SolutionGuid = {B44306FD-E37F-484F-92EF-6146D9B72854}
	EndGlobalSection
EndGlobal
